
Microsoft Visual Studio Solution File, Format Version 12.00
# Visual Studio 2012
Project("{FAE04EC0-301F-11D3-BF4B-00C04F79EFBC}") = "SongShout", "SongShout\SongShout.csproj", "{C1202F94-A10E-4A25-A6EA-D0DCD902F492}"
EndProject
Global
	GlobalSection(SolutionConfigurationPlatforms) = preSolution
		Debug|Any CPU = Debug|Any CPU
		Release|Any CPU = Release|Any CPU
	EndGlobalSection
	GlobalSection(ProjectConfigurationPlatforms) = postSolution
		{C1202F94-A10E-4A25-A6EA-D0DCD902F492}.Debug|Any CPU.ActiveCfg = Debug|Any CPU
		{C1202F94-A10E-4A25-A6EA-D0DCD902F492}.Debug|Any CPU.Build.0 = Debug|Any CPU
		{C1202F94-A10E-4A25-A6EA-D0DCD902F492}.Release|Any CPU.ActiveCfg = Release|Any CPU
		{C1202F94-A10E-4A25-A6EA-D0DCD902F492}.Release|Any CPU.Build.0 = Release|Any CPU
	EndGlobalSection
	GlobalSection(SolutionProperties) = preSolution
		HideSolutionNode = FALSE
	EndGlobalSection
EndGlobal
